// !$*UTF8*$!
{
	archiveVersion = 1;
	classes = {
	};
	objectVersion = 77;
	objects = {

/* Begin PBXContainerItemProxy section */
		7DFEC4CE2E45A8FB004B6B88 /* PBXContainerItemProxy */ = {
			isa = PBXContainerItemProxy;
			containerPortal = 7DFEC4B62E45A8FA004B6B88 /* Project object */;
			proxyType = 1;
			remoteGlobalIDString = 7DFEC4BD2E45A8FA004B6B88;
			remoteInfo = Swift6App;
		};
		7DFEC4D82E45A8FB004B6B88 /* PBXContainerItemProxy */ = {
			isa = PBXContainerItemProxy;
			containerPortal = 7DFEC4B62E45A8FA004B6B88 /* Project object */;
			proxyType = 1;
			remoteGlobalIDString = 7DFEC4BD2E45A8FA004B6B88;
			remoteInfo = Swift6App;
		};
/* End PBXContainerItemProxy section */

/* Begin PBXFileReference section */
		7DFEC4BE2E45A8FA004B6B88 /* Swift6App.app */ = {isa = PBXFileReference; explicitFileType = wrapper.application; includeInIndex = 0; path = Swift6App.app; sourceTree = BUILT_PRODUCTS_DIR; };
		7DFEC4CD2E45A8FB004B6B88 /* Swift6AppTests.xctest */ = {isa = PBXFileReference; explicitFileType = wrapper.cfbundle; includeInIndex = 0; path = Swift6AppTests.xctest; sourceTree = BUILT_PRODUCTS_DIR; };
		7DFEC4D72E45A8FB004B6B88 /* Swift6AppUITests.xctest */ = {isa = PBXFileReference; explicitFileType = wrapper.cfbundle; includeInIndex = 0; path = Swift6AppUITests.xctest; sourceTree = BUILT_PRODUCTS_DIR; };
/* End PBXFileReference section */

/* Begin PBXFileSystemSynchronizedRootGroup section */
		7DFEC4C02E45A8FA004B6B88 /* Swift6App */ = {
			isa = PBXFileSystemSynchronizedRootGroup;
			path = Swift6App;
			sourceTree = "<group>";
		};
		7DFEC4D02E45A8FB004B6B88 /* Swift6AppTests */ = {
			isa = PBXFileSystemSynchronizedRootGroup;
			path = Swift6AppTests;
			sourceTree = "<group>";
		};
		7DFEC4DA2E45A8FB004B6B88 /* Swift6AppUITests */ = {
			isa = PBXFileSystemSynchronizedRootGroup;
			path = Swift6AppUITests;
			sourceTree = "<group>";
		};
/* End PBXFileSystemSynchronizedRootGroup section */

/* Begin PBXFrameworksBuildPhase section */
		7DFEC4BB2E45A8FA004B6B88 /* Frameworks */ = {
			isa = PBXFrameworksBuildPhase;
			buildActionMask = 2147483647;
			files = (
			);
			runOnlyForDeploymentPostprocessing = 0;
		};
		7DFEC4CA2E45A8FB004B6B88 /* Frameworks */ = {
			isa = PBXFrameworksBuildPhase;
			buildActionMask = 2147483647;
			files = (
			);
			runOnlyForDeploymentPostprocessing = 0;
		};
		7DFEC4D42E45A8FB004B6B88 /* Frameworks */ = {
			isa = PBXFrameworksBuildPhase;
			buildActionMask = 2147483647;
			files = (
			);
			runOnlyForDeploymentPostprocessing = 0;
		};
/* End PBXFrameworksBuildPhase section */

/* Begin PBXGroup section */
		7DFEC4B52E45A8FA004B6B88 = {
			isa = PBXGroup;
			children = (
				7DFEC4C02E45A8FA004B6B88 /* Swift6App */,
				7DFEC4D02E45A8FB004B6B88 /* Swift6AppTests */,
				7DFEC4DA2E45A8FB004B6B88 /* Swift6AppUITests */,
				7DFEC4BF2E45A8FA004B6B88 /* Products */,
			);
			sourceTree = "<group>";
		};
		7DFEC4BF2E45A8FA004B6B88 /* Products */ = {
			isa = PBXGroup;
			children = (
				7DFEC4BE2E45A8FA004B6B88 /* Swift6App.app */,
				7DFEC4CD2E45A8FB004B6B88 /* Swift6AppTests.xctest */,
				7DFEC4D72E45A8FB004B6B88 /* Swift6AppUITests.xctest */,
			);
			name = Products;
			sourceTree = "<group>";
		};
/* End PBXGroup section */

/* Begin PBXNativeTarget section */
		7DFEC4BD2E45A8FA004B6B88 /* Swift6App */ = {
			isa = PBXNativeTarget;
			buildConfigurationList = 7DFEC4E12E45A8FB004B6B88 /* Build configuration list for PBXNativeTarget "Swift6App" */;
			buildPhases = (
				7DFEC4BA2E45A8FA004B6B88 /* Sources */,
				7DFEC4BB2E45A8FA004B6B88 /* Frameworks */,
				7DFEC4BC2E45A8FA004B6B88 /* Resources */,
			);
			buildRules = (
			);
			dependencies = (
			);
			fileSystemSynchronizedGroups = (
				7DFEC4C02E45A8FA004B6B88 /* Swift6App */,
			);
			name = Swift6App;
			packageProductDependencies = (
			);
			productName = Swift6App;
			productReference = 7DFEC4BE2E45A8FA004B6B88 /* Swift6App.app */;
			productType = "com.apple.product-type.application";
		};
		7DFEC4CC2E45A8FB004B6B88 /* Swift6AppTests */ = {
			isa = PBXNativeTarget;
			buildConfigurationList = 7DFEC4E42E45A8FB004B6B88 /* Build configuration list for PBXNativeTarget "Swift6AppTests" */;
			buildPhases = (
				7DFEC4C92E45A8FB004B6B88 /* Sources */,
				7DFEC4CA2E45A8FB004B6B88 /* Frameworks */,
				7DFEC4CB2E45A8FB004B6B88 /* Resources */,
			);
			buildRules = (
			);
			dependencies = (
				7DFEC4CF2E45A8FB004B6B88 /* PBXTargetDependency */,
			);
			fileSystemSynchronizedGroups = (
				7DFEC4D02E45A8FB004B6B88 /* Swift6AppTests */,
			);
			name = Swift6AppTests;
			packageProductDependencies = (
			);
			productName = Swift6AppTests;
			productReference = 7DFEC4CD2E45A8FB004B6B88 /* Swift6AppTests.xctest */;
			productType = "com.apple.product-type.bundle.unit-test";
		};
		7DFEC4D62E45A8FB004B6B88 /* Swift6AppUITests */ = {
			isa = PBXNativeTarget;
			buildConfigurationList = 7DFEC4E72E45A8FB004B6B88 /* Build configuration list for PBXNativeTarget "Swift6AppUITests" */;
			buildPhases = (
				7DFEC4D32E45A8FB004B6B88 /* Sources */,
				7DFEC4D42E45A8FB004B6B88 /* Frameworks */,
				7DFEC4D52E45A8FB004B6B88 /* Resources */,
			);
			buildRules = (
			);
			dependencies = (
				7DFEC4D92E45A8FB004B6B88 /* PBXTargetDependency */,
			);
			fileSystemSynchronizedGroups = (
				7DFEC4DA2E45A8FB004B6B88 /* Swift6AppUITests */,
			);
			name = Swift6AppUITests;
			packageProductDependencies = (
			);
			productName = Swift6AppUITests;
			productReference = 7DFEC4D72E45A8FB004B6B88 /* Swift6AppUITests.xctest */;
			productType = "com.apple.product-type.bundle.ui-testing";
		};
/* End PBXNativeTarget section */

/* Begin PBXProject section */
		7DFEC4B62E45A8FA004B6B88 /* Project object */ = {
			isa = PBXProject;
			attributes = {
				BuildIndependentTargetsInParallel = 1;
				LastSwiftUpdateCheck = 1640;
				LastUpgradeCheck = 1640;
				ORGANIZATIONNAME = UltranLab;
				TargetAttributes = {
					7DFEC4BD2E45A8FA004B6B88 = {
						CreatedOnToolsVersion = 16.4;
					};
					7DFEC4CC2E45A8FB004B6B88 = {
						CreatedOnToolsVersion = 16.4;
						TestTargetID = 7DFEC4BD2E45A8FA004B6B88;
					};
					7DFEC4D62E45A8FB004B6B88 = {
						CreatedOnToolsVersion = 16.4;
						TestTargetID = 7DFEC4BD2E45A8FA004B6B88;
					};
				};
			};
			buildConfigurationList = 7DFEC4B92E45A8FA004B6B88 /* Build configuration list for PBXProject "Swift6App" */;
			developmentRegion = en;
			hasScannedForEncodings = 0;
			knownRegions = (
				en,
				Base,
			);
			mainGroup = 7DFEC4B52E45A8FA004B6B88;
			minimizedProjectReferenceProxies = 1;
			preferredProjectObjectVersion = 77;
			productRefGroup = 7DFEC4BF2E45A8FA004B6B88 /* Products */;
			projectDirPath = "";
			projectRoot = "";
			targets = (
				7DFEC4BD2E45A8FA004B6B88 /* Swift6App */,
				7DFEC4CC2E45A8FB004B6B88 /* Swift6AppTests */,
				7DFEC4D62E45A8FB004B6B88 /* Swift6AppUITests */,
			);
		};
/* End PBXProject section */

/* Begin PBXResourcesBuildPhase section */
		7DFEC4BC2E45A8FA004B6B88 /* Resources */ = {
			isa = PBXResourcesBuildPhase;
			buildActionMask = 2147483647;
			files = (
			);
			runOnlyForDeploymentPostprocessing = 0;
		};
		7DFEC4CB2E45A8FB004B6B88 /* Resources */ = {
			isa = PBXResourcesBuildPhase;
			buildActionMask = 2147483647;
			files = (
			);
			runOnlyForDeploymentPostprocessing = 0;
		};
		7DFEC4D52E45A8FB004B6B88 /* Resources */ = {
			isa = PBXResourcesBuildPhase;
			buildActionMask = 2147483647;
			files = (
			);
			runOnlyForDeploymentPostprocessing = 0;
		};
/* End PBXResourcesBuildPhase section */

/* Begin PBXSourcesBuildPhase section */
		7DFEC4BA2E45A8FA004B6B88 /* Sources */ = {
			isa = PBXSourcesBuildPhase;
			buildActionMask = 2147483647;
			files = (
			);
			runOnlyForDeploymentPostprocessing = 0;
		};
		7DFEC4C92E45A8FB004B6B88 /* Sources */ = {
			isa = PBXSourcesBuildPhase;
			buildActionMask = 2147483647;
			files = (
			);
			runOnlyForDeploymentPostprocessing = 0;
		};
		7DFEC4D32E45A8FB004B6B88 /* Sources */ = {
			isa = PBXSourcesBuildPhase;
			buildActionMask = 2147483647;
			files = (
			);
			runOnlyForDeploymentPostprocessing = 0;
		};
/* End PBXSourcesBuildPhase section */

/* Begin PBXTargetDependency section */
		7DFEC4CF2E45A8FB004B6B88 /* PBXTargetDependency */ = {
			isa = PBXTargetDependency;
			target = 7DFEC4BD2E45A8FA004B6B88 /* Swift6App */;
			targetProxy = 7DFEC4CE2E45A8FB004B6B88 /* PBXContainerItemProxy */;
		};
		7DFEC4D92E45A8FB004B6B88 /* PBXTargetDependency */ = {
			isa = PBXTargetDependency;
			target = 7DFEC4BD2E45A8FA004B6B88 /* Swift6App */;
			targetProxy = 7DFEC4D82E45A8FB004B6B88 /* PBXContainerItemProxy */;
		};
/* End PBXTargetDependency section */

/* Begin XCBuildConfiguration section */
		7DFEC4DF2E45A8FB004B6B88 /* Debug */ = {
			isa = XCBuildConfiguration;
			buildSettings = {
				ALWAYS_SEARCH_USER_PATHS = NO;
				ASSETCATALOG_COMPILER_GENERATE_SWIFT_ASSET_SYMBOL_EXTENSIONS = YES;
				CLANG_ANALYZER_NONNULL = YES;
				CLANG_ANALYZER_NUMBER_OBJECT_CONVERSION = YES_AGGRESSIVE;
				CLANG_CXX_LANGUAGE_STANDARD = "gnu++20";
				CLANG_ENABLE_MODULES = YES;
				CLANG_ENABLE_OBJC_ARC = YES;
				CLANG_ENABLE_OBJC_WEAK = YES;
				CLANG_WARN_BLOCK_CAPTURE_AUTORELEASING = YES;
				CLANG_WARN_BOOL_CONVERSION = YES;
				CLANG_WARN_COMMA = YES;
				CLANG_WARN_CONSTANT_CONVERSION = YES;
				CLANG_WARN_DEPRECATED_OBJC_IMPLEMENTATIONS = YES;
				CLANG_WARN_DIRECT_OBJC_ISA_USAGE = YES_ERROR;
				CLANG_WARN_DOCUMENTATION_COMMENTS = YES;
				CLANG_WARN_EMPTY_BODY = YES;
				CLANG_WARN_ENUM_CONVERSION = YES;
				CLANG_WARN_INFINITE_RECURSION = YES;
				CLANG_WARN_INT_CONVERSION = YES;
				CLANG_WARN_NON_LITERAL_NULL_CONVERSION = YES;
				CLANG_WARN_OBJC_IMPLICIT_RETAIN_SELF = YES;
				CLANG_WARN_OBJC_LITERAL_CONVERSION = YES;
				CLANG_WARN_OBJC_ROOT_CLASS = YES_ERROR;
				CLANG_WARN_QUOTED_INCLUDE_IN_FRAMEWORK_HEADER = YES;
				CLANG_WARN_RANGE_LOOP_ANALYSIS = YES;
				CLANG_WARN_STRICT_PROTOTYPES = YES;
				CLANG_WARN_SUSPICIOUS_MOVE = YES;
				CLANG_WARN_UNGUARDED_AVAILABILITY = YES_AGGRESSIVE;
				CLANG_WARN_UNREACHABLE_CODE = YES;
				CLANG_WARN__DUPLICATE_METHOD_MATCH = YES;
				COPY_PHASE_STRIP = NO;
				DEBUG_INFORMATION_FORMAT = dwarf;
				ENABLE_STRICT_OBJC_MSGSEND = YES;
				ENABLE_TESTABILITY = YES;
				ENABLE_USER_SCRIPT_SANDBOXING = YES;
				GCC_C_LANGUAGE_STANDARD = gnu17;
				GCC_DYNAMIC_NO_PIC = NO;
				GCC_NO_COMMON_BLOCKS = YES;
				GCC_OPTIMIZATION_LEVEL = 0;
				GCC_PREPROCESSOR_DEFINITIONS = (
					"DEBUG=1",
					"$(inherited)",
				);
				GCC_WARN_64_TO_32_BIT_CONVERSION = YES;
				GCC_WARN_ABOUT_RETURN_TYPE = YES_ERROR;
				GCC_WARN_UNDECLARED_SELECTOR = YES;
				GCC_WARN_UNINITIALIZED_AUTOS = YES_AGGRESSIVE;
				GCC_WARN_UNUSED_FUNCTION = YES;
				GCC_WARN_UNUSED_VARIABLE = YES;
				IPHONEOS_DEPLOYMENT_TARGET = 18.5;
				LOCALIZATION_PREFERS_STRING_CATALOGS = YES;
				MTL_ENABLE_DEBUG_INFO = INCLUDE_SOURCE;
				MTL_FAST_MATH = YES;
				ONLY_ACTIVE_ARCH = YES;
				SDKROOT = iphoneos;
				SWIFT_ACTIVE_COMPILATION_CONDITIONS = "DEBUG $(inherited)";
				SWIFT_OPTIMIZATION_LEVEL = "-Onone";
			};
			name = Debug;
		};
		7DFEC4E02E45A8FB004B6B88 /* Release */ = {
			isa = XCBuildConfiguration;
			buildSettings = {
				ALWAYS_SEARCH_USER_PATHS = NO;
				ASSETCATALOG_COMPILER_GENERATE_SWIFT_ASSET_SYMBOL_EXTENSIONS = YES;
				CLANG_ANALYZER_NONNULL = YES;
				CLANG_ANALYZER_NUMBER_OBJECT_CONVERSION = YES_AGGRESSIVE;
				CLANG_CXX_LANGUAGE_STANDARD = "gnu++20";
				CLANG_ENABLE_MODULES = YES;
				CLANG_ENABLE_OBJC_ARC = YES;
				CLANG_ENABLE_OBJC_WEAK = YES;
				CLANG_WARN_BLOCK_CAPTURE_AUTORELEASING = YES;
				CLANG_WARN_BOOL_CONVERSION = YES;
				CLANG_WARN_COMMA = YES;
				CLANG_WARN_CONSTANT_CONVERSION = YES;
				CLANG_WARN_DEPRECATED_OBJC_IMPLEMENTATIONS = YES;
				CLANG_WARN_DIRECT_OBJC_ISA_USAGE = YES_ERROR;
				CLANG_WARN_DOCUMENTATION_COMMENTS = YES;
				CLANG_WARN_EMPTY_BODY = YES;
				CLANG_WARN_ENUM_CONVERSION = YES;
				CLANG_WARN_INFINITE_RECURSION = YES;
				CLANG_WARN_INT_CONVERSION = YES;
				CLANG_WARN_NON_LITERAL_NULL_CONVERSION = YES;
				CLANG_WARN_OBJC_IMPLICIT_RETAIN_SELF = YES;
				CLANG_WARN_OBJC_LITERAL_CONVERSION = YES;
				CLANG_WARN_OBJC_ROOT_CLASS = YES_ERROR;
				CLANG_WARN_QUOTED_INCLUDE_IN_FRAMEWORK_HEADER = YES;
				CLANG_WARN_RANGE_LOOP_ANALYSIS = YES;
				CLANG_WARN_STRICT_PROTOTYPES = YES;
				CLANG_WARN_SUSPICIOUS_MOVE = YES;
				CLANG_WARN_UNGUARDED_AVAILABILITY = YES_AGGRESSIVE;
				CLANG_WARN_UNREACHABLE_CODE = YES;
				CLANG_WARN__DUPLICATE_METHOD_MATCH = YES;
				COPY_PHASE_STRIP = NO;
				DEBUG_INFORMATION_FORMAT = "dwarf-with-dsym";
				ENABLE_NS_ASSERTIONS = NO;
				ENABLE_STRICT_OBJC_MSGSEND = YES;
				ENABLE_USER_SCRIPT_SANDBOXING = YES;
				GCC_C_LANGUAGE_STANDARD = gnu17;
				GCC_NO_COMMON_BLOCKS = YES;
				GCC_WARN_64_TO_32_BIT_CONVERSION = YES;
				GCC_WARN_ABOUT_RETURN_TYPE = YES_ERROR;
				GCC_WARN_UNDECLARED_SELECTOR = YES;
				GCC_WARN_UNINITIALIZED_AUTOS = YES_AGGRESSIVE;
				GCC_WARN_UNUSED_FUNCTION = YES;
				GCC_WARN_UNUSED_VARIABLE = YES;
				IPHONEOS_DEPLOYMENT_TARGET = 18.5;
				LOCALIZATION_PREFERS_STRING_CATALOGS = YES;
				MTL_ENABLE_DEBUG_INFO = NO;
				MTL_FAST_MATH = YES;
				SDKROOT = iphoneos;
				SWIFT_COMPILATION_MODE = wholemodule;
				VALIDATE_PRODUCT = YES;
			};
			name = Release;
		};
		7DFEC4E22E45A8FB004B6B88 /* Debug */ = {
			isa = XCBuildConfiguration;
			buildSettings = {
				ASSETCATALOG_COMPILER_APPICON_NAME = AppIcon;
				ASSETCATALOG_COMPILER_GLOBAL_ACCENT_COLOR_NAME = AccentColor;
				CODE_SIGN_STYLE = Automatic;
				CURRENT_PROJECT_VERSION = 1;
				ENABLE_PREVIEWS = YES;
				GENERATE_INFOPLIST_FILE = YES;
				INFOPLIST_KEY_CFBundleDisplayName = Swift6UI;
				INFOPLIST_KEY_LSApplicationCategoryType = "public.app-category.education";
				INFOPLIST_KEY_UIApplicationSceneManifest_Generation = YES;
				INFOPLIST_KEY_UIApplicationSupportsIndirectInputEvents = YES;
				INFOPLIST_KEY_UILaunchScreen_Generation = YES;
				INFOPLIST_KEY_UISupportedInterfaceOrientations_iPad = "UIInterfaceOrientationPortrait UIInterfaceOrientationPortraitUpsideDown UIInterfaceOrientationLandscapeLeft UIInterfaceOrientationLandscapeRight";
				INFOPLIST_KEY_UISupportedInterfaceOrientations_iPhone = "UIInterfaceOrientationPortrait UIInterfaceOrientationLandscapeLeft UIInterfaceOrientationLandscapeRight";
				LD_RUNPATH_SEARCH_PATHS = (
					"$(inherited)",
					"@executable_path/Frameworks",
				);
				MARKETING_VERSION = 1.0;
				PRODUCT_BUNDLE_IDENTIFIER = UltranLab.Swift6App;
				PRODUCT_NAME = "$(TARGET_NAME)";
				SWIFT_EMIT_LOC_STRINGS = YES;
				SWIFT_VERSION = 5.0;
				TARGETED_DEVICE_FAMILY = "1,2";
			};
			name = Debug;
		};
		7DFEC4E32E45A8FB004B6B88 /* Release */ = {
			isa = XCBuildConfiguration;
			buildSettings = {
				ASSETCATALOG_COMPILER_APPICON_NAME = AppIcon;
				ASSETCATALOG_COMPILER_GLOBAL_ACCENT_COLOR_NAME = AccentColor;
				CODE_SIGN_STYLE = Automatic;
				CURRENT_PROJECT_VERSION = 1;
				ENABLE_PREVIEWS = YES;
				GENERATE_INFOPLIST_FILE = YES;
				INFOPLIST_KEY_CFBundleDisplayName = Swift6UI;
				INFOPLIST_KEY_LSApplicationCategoryType = "public.app-category.education";
				INFOPLIST_KEY_UIApplicationSceneManifest_Generation = YES;
				INFOPLIST_KEY_UIApplicationSupportsIndirectInputEvents = YES;
				INFOPLIST_KEY_UILaunchScreen_Generation = YES;
				INFOPLIST_KEY_UISupportedInterfaceOrientations_iPad = "UIInterfaceOrientationPortrait UIInterfaceOrientationPortraitUpsideDown UIInterfaceOrientationLandscapeLeft UIInterfaceOrientationLandscapeRight";
				INFOPLIST_KEY_UISupportedInterfaceOrientations_iPhone = "UIInterfaceOrientationPortrait UIInterfaceOrientationLandscapeLeft UIInterfaceOrientationLandscapeRight";
				LD_RUNPATH_SEARCH_PATHS = (
					"$(inherited)",
					"@executable_path/Frameworks",
				);
				MARKETING_VERSION = 1.0;
				PRODUCT_BUNDLE_IDENTIFIER = UltranLab.Swift6App;
				PRODUCT_NAME = "$(TARGET_NAME)";
				SWIFT_EMIT_LOC_STRINGS = YES;
				SWIFT_VERSION = 5.0;
				TARGETED_DEVICE_FAMILY = "1,2";
			};
			name = Release;
		};
		7DFEC4E52E45A8FB004B6B88 /* Debug */ = {
			isa = XCBuildConfiguration;
			buildSettings = {
				BUNDLE_LOADER = "$(TEST_HOST)";
				CODE_SIGN_STYLE = Automatic;
				CURRENT_PROJECT_VERSION = 1;
				GENERATE_INFOPLIST_FILE = YES;
				IPHONEOS_DEPLOYMENT_TARGET = 18.5;
				MARKETING_VERSION = 1.0;
				PRODUCT_BUNDLE_IDENTIFIER = UltranLab.Swift6AppTests;
				PRODUCT_NAME = "$(TARGET_NAME)";
				SWIFT_EMIT_LOC_STRINGS = NO;
				SWIFT_VERSION = 5.0;
				TARGETED_DEVICE_FAMILY = "1,2";
				TEST_HOST = "$(BUILT_PRODUCTS_DIR)/Swift6App.app/$(BUNDLE_EXECUTABLE_FOLDER_PATH)/Swift6App";
			};
			name = Debug;
		};
		7DFEC4E62E45A8FB004B6B88 /* Release */ = {
			isa = XCBuildConfiguration;
			buildSettings = {
				BUNDLE_LOADER = "$(TEST_HOST)";
				CODE_SIGN_STYLE = Automatic;
				CURRENT_PROJECT_VERSION = 1;
				GENERATE_INFOPLIST_FILE = YES;
				IPHONEOS_DEPLOYMENT_TARGET = 18.5;
				MARKETING_VERSION = 1.0;
				PRODUCT_BUNDLE_IDENTIFIER = UltranLab.Swift6AppTests;
				PRODUCT_NAME = "$(TARGET_NAME)";
				SWIFT_EMIT_LOC_STRINGS = NO;
				SWIFT_VERSION = 5.0;
				TARGETED_DEVICE_FAMILY = "1,2";
				TEST_HOST = "$(BUILT_PRODUCTS_DIR)/Swift6App.app/$(BUNDLE_EXECUTABLE_FOLDER_PATH)/Swift6App";
			};
			name = Release;
		};
		7DFEC4E82E45A8FB004B6B88 /* Debug */ = {
			isa = XCBuildConfiguration;
			buildSettings = {
				CODE_SIGN_STYLE = Automatic;
				CURRENT_PROJECT_VERSION = 1;
				GENERATE_INFOPLIST_FILE = YES;
				MARKETING_VERSION = 1.0;
				PRODUCT_BUNDLE_IDENTIFIER = UltranLab.Swift6AppUITests;
				PRODUCT_NAME = "$(TARGET_NAME)";
				SWIFT_EMIT_LOC_STRINGS = NO;
				SWIFT_VERSION = 5.0;
				TARGETED_DEVICE_FAMILY = "1,2";
				TEST_TARGET_NAME = Swift6App;
			};
			name = Debug;
		};
		7DFEC4E92E45A8FB004B6B88 /* Release */ = {
			isa = XCBuildConfiguration;
			buildSettings = {
				CODE_SIGN_STYLE = Automatic;
				CURRENT_PROJECT_VERSION = 1;
				GENERATE_INFOPLIST_FILE = YES;
				MARKETING_VERSION = 1.0;
				PRODUCT_BUNDLE_IDENTIFIER = UltranLab.Swift6AppUITests;
				PRODUCT_NAME = "$(TARGET_NAME)";
				SWIFT_EMIT_LOC_STRINGS = NO;
				SWIFT_VERSION = 5.0;
				TARGETED_DEVICE_FAMILY = "1,2";
				TEST_TARGET_NAME = Swift6App;
			};
			name = Release;
		};
/* End XCBuildConfiguration section */

/* Begin XCConfigurationList section */
		7DFEC4B92E45A8FA004B6B88 /* Build configuration list for PBXProject "Swift6App" */ = {
			isa = XCConfigurationList;
			buildConfigurations = (
				7DFEC4DF2E45A8FB004B6B88 /* Debug */,
				7DFEC4E02E45A8FB004B6B88 /* Release */,
			);
			defaultConfigurationIsVisible = 0;
			defaultConfigurationName = Release;
		};
		7DFEC4E12E45A8FB004B6B88 /* Build configuration list for PBXNativeTarget "Swift6App" */ = {
			isa = XCConfigurationList;
			buildConfigurations = (
				7DFEC4E22E45A8FB004B6B88 /* Debug */,
				7DFEC4E32E45A8FB004B6B88 /* Release */,
			);
			defaultConfigurationIsVisible = 0;
			defaultConfigurationName = Release;
		};
		7DFEC4E42E45A8FB004B6B88 /* Build configuration list for PBXNativeTarget "Swift6AppTests" */ = {
			isa = XCConfigurationList;
			buildConfigurations = (
				7DFEC4E52E45A8FB004B6B88 /* Debug */,
				7DFEC4E62E45A8FB004B6B88 /* Release */,
			);
			defaultConfigurationIsVisible = 0;
			defaultConfigurationName = Release;
		};
		7DFEC4E72E45A8FB004B6B88 /* Build configuration list for PBXNativeTarget "Swift6AppUITests" */ = {
			isa = XCConfigurationList;
			buildConfigurations = (
				7DFEC4E82E45A8FB004B6B88 /* Debug */,
				7DFEC4E92E45A8FB004B6B88 /* Release */,
			);
			defaultConfigurationIsVisible = 0;
			defaultConfigurationName = Release;
		};
/* End XCConfigurationList section */
	};
	rootObject = 7DFEC4B62E45A8FA004B6B88 /* Project object */;
}
